
Microsoft Visual Studio Solution File, Format Version 12.00
# Visual Studio Version 17
VisualStudioVersion = 17.14.36414.22 d17.14
MinimumVisualStudioVersion = 10.0.40219.1
Project("{FAE04EC0-301F-11D3-BF4B-00C04F79EFBC}") = "CodeParsingExperiment", "CodeParsingExperiment\CodeParsingExperiment.csproj", "{FE554E97-2882-47FC-B822-AD5EAEE6D267}"
EndProject
Project("{FAE04EC0-301F-11D3-BF4B-00C04F79EFBC}") = "CodeParsing", "CodeParsing\CodeParsing.csproj", "{67AE1069-BF86-4148-89DA-ECB67E6338B4}"
EndProject
Project("{FAE04EC0-301F-11D3-BF4B-00C04F79EFBC}") = "CodeParsingExperimentNet9", "CodeParsingExperimentNet9\CodeParsingExperimentNet9.csproj", "{0BB56AAA-03EE-4399-A76B-F1D7DC4C1981}"
	ProjectSection(ProjectDependencies) = postProject
		{7ECF0A6C-C792-4375-985E-D72DBEDF025A} = {7ECF0A6C-C792-4375-985E-D72DBEDF025A}
	EndProjectSection
EndProject
Project("{FAE04EC0-301F-11D3-BF4B-00C04F79EFBC}") = "CodeParsingNet9", "CodeParsingNet9\CodeParsingNet9.csproj", "{7ECF0A6C-C792-4375-985E-D72DBEDF025A}"
EndProject
Global
	GlobalSection(SolutionConfigurationPlatforms) = preSolution
		Debug|Any CPU = Debug|Any CPU
		Release|Any CPU = Release|Any CPU
	EndGlobalSection
	GlobalSection(ProjectConfigurationPlatforms) = postSolution
		{FE554E97-2882-47FC-B822-AD5EAEE6D267}.Debug|Any CPU.ActiveCfg = Debug|Any CPU
		{FE554E97-2882-47FC-B822-AD5EAEE6D267}.Debug|Any CPU.Build.0 = Debug|Any CPU
		{FE554E97-2882-47FC-B822-AD5EAEE6D267}.Release|Any CPU.ActiveCfg = Release|Any CPU
		{FE554E97-2882-47FC-B822-AD5EAEE6D267}.Release|Any CPU.Build.0 = Release|Any CPU
		{67AE1069-BF86-4148-89DA-ECB67E6338B4}.Debug|Any CPU.ActiveCfg = Debug|Any CPU
		{67AE1069-BF86-4148-89DA-ECB67E6338B4}.Debug|Any CPU.Build.0 = Debug|Any CPU
		{67AE1069-BF86-4148-89DA-ECB67E6338B4}.Release|Any CPU.ActiveCfg = Release|Any CPU
		{67AE1069-BF86-4148-89DA-ECB67E6338B4}.Release|Any CPU.Build.0 = Release|Any CPU
		{0BB56AAA-03EE-4399-A76B-F1D7DC4C1981}.Debug|Any CPU.ActiveCfg = Debug|Any CPU
		{0BB56AAA-03EE-4399-A76B-F1D7DC4C1981}.Debug|Any CPU.Build.0 = Debug|Any CPU
		{0BB56AAA-03EE-4399-A76B-F1D7DC4C1981}.Release|Any CPU.ActiveCfg = Release|Any CPU
		{0BB56AAA-03EE-4399-A76B-F1D7DC4C1981}.Release|Any CPU.Build.0 = Release|Any CPU
		{7ECF0A6C-C792-4375-985E-D72DBEDF025A}.Debug|Any CPU.ActiveCfg = Debug|Any CPU
		{7ECF0A6C-C792-4375-985E-D72DBEDF025A}.Debug|Any CPU.Build.0 = Debug|Any CPU
		{7ECF0A6C-C792-4375-985E-D72DBEDF025A}.Release|Any CPU.ActiveCfg = Release|Any CPU
		{7ECF0A6C-C792-4375-985E-D72DBEDF025A}.Release|Any CPU.Build.0 = Release|Any CPU
	EndGlobalSection
	GlobalSection(SolutionProperties) = preSolution
		HideSolutionNode = FALSE
	EndGlobalSection
	GlobalSection(ExtensibilityGlobals) = postSolution
		SolutionGuid = {0AEA7A1D-7259-4C71-BD4A-1D059E1BCBD6}
	EndGlobalSection
EndGlobal
