
Microsoft Visual Studio Solution File, Format Version 12.00
# Visual Studio Version 17
VisualStudioVersion = 17.5.33424.131
MinimumVisualStudioVersion = 10.0.40219.1
Project("{FAE04EC0-301F-11D3-BF4B-00C04F79EFBC}") = "ASPNetWebAppStart", "ASPNetWebAppStart\ASPNetWebAppStart.csproj", "{7ADE41C4-BF03-4948-98A2-5EC42FE89B45}"
EndProject
Global
	GlobalSection(SolutionConfigurationPlatforms) = preSolution
		Debug|Any CPU = Debug|Any CPU
		Release|Any CPU = Release|Any CPU
	EndGlobalSection
	GlobalSection(ProjectConfigurationPlatforms) = postSolution
		{7ADE41C4-BF03-4948-98A2-5EC42FE89B45}.Debug|Any CPU.ActiveCfg = Debug|Any CPU
		{7ADE41C4-BF03-4948-98A2-5EC42FE89B45}.Debug|Any CPU.Build.0 = Debug|Any CPU
		{7ADE41C4-BF03-4948-98A2-5EC42FE89B45}.Release|Any CPU.ActiveCfg = Release|Any CPU
		{7ADE41C4-BF03-4948-98A2-5EC42FE89B45}.Release|Any CPU.Build.0 = Release|Any CPU
	EndGlobalSection
	GlobalSection(SolutionProperties) = preSolution
		HideSolutionNode = FALSE
	EndGlobalSection
	GlobalSection(ExtensibilityGlobals) = postSolution
		SolutionGuid = {71A8287A-44CC-4BE0-A91F-9334A3523095}
	EndGlobalSection
EndGlobal
