
Microsoft Visual Studio Solution File, Format Version 12.00
# Visual Studio Version 17
VisualStudioVersion = 17.5.33424.131
MinimumVisualStudioVersion = 10.0.40219.1
Project("{FAE04EC0-301F-11D3-BF4B-00C04F79EFBC}") = "HearthstoneFormsApp", "HearthstoneFormsApp\HearthstoneFormsApp.csproj", "{2FC846ED-0017-4BF3-BF76-514FAF1AC23C}"
	ProjectSection(ProjectDependencies) = postProject
		{0CF40569-B721-4795-A008-7E7F09F4D175} = {0CF40569-B721-4795-A008-7E7F09F4D175}
		{743212D4-422B-4886-856F-037C8E2A553B} = {743212D4-422B-4886-856F-037C8E2A553B}
		{A4B720B5-0433-434C-A3C4-58106CC0EC26} = {A4B720B5-0433-434C-A3C4-58106CC0EC26}
		{B567A9E0-5810-4AE6-9D43-3201E216A2B7} = {B567A9E0-5810-4AE6-9D43-3201E216A2B7}
	EndProjectSection
EndProject
Project("{FAE04EC0-301F-11D3-BF4B-00C04F79EFBC}") = "Core", "Core\Core.csproj", "{B567A9E0-5810-4AE6-9D43-3201E216A2B7}"
EndProject
Project("{FAE04EC0-301F-11D3-BF4B-00C04F79EFBC}") = "GameModel", "GameModel\GameModel.csproj", "{A4B720B5-0433-434C-A3C4-58106CC0EC26}"
	ProjectSection(ProjectDependencies) = postProject
		{B567A9E0-5810-4AE6-9D43-3201E216A2B7} = {B567A9E0-5810-4AE6-9D43-3201E216A2B7}
	EndProjectSection
EndProject
Project("{FAE04EC0-301F-11D3-BF4B-00C04F79EFBC}") = "WebFormView", "WebFormView\WebFormView.csproj", "{743212D4-422B-4886-856F-037C8E2A553B}"
	ProjectSection(ProjectDependencies) = postProject
		{A4B720B5-0433-434C-A3C4-58106CC0EC26} = {A4B720B5-0433-434C-A3C4-58106CC0EC26}
		{B567A9E0-5810-4AE6-9D43-3201E216A2B7} = {B567A9E0-5810-4AE6-9D43-3201E216A2B7}
	EndProjectSection
EndProject
Project("{FAE04EC0-301F-11D3-BF4B-00C04F79EFBC}") = "WebFormController", "WebFormController\WebFormController.csproj", "{0CF40569-B721-4795-A008-7E7F09F4D175}"
	ProjectSection(ProjectDependencies) = postProject
		{743212D4-422B-4886-856F-037C8E2A553B} = {743212D4-422B-4886-856F-037C8E2A553B}
		{A4B720B5-0433-434C-A3C4-58106CC0EC26} = {A4B720B5-0433-434C-A3C4-58106CC0EC26}
		{B567A9E0-5810-4AE6-9D43-3201E216A2B7} = {B567A9E0-5810-4AE6-9D43-3201E216A2B7}
	EndProjectSection
EndProject
Global
	GlobalSection(SolutionConfigurationPlatforms) = preSolution
		Debug|Any CPU = Debug|Any CPU
		Release|Any CPU = Release|Any CPU
	EndGlobalSection
	GlobalSection(ProjectConfigurationPlatforms) = postSolution
		{2FC846ED-0017-4BF3-BF76-514FAF1AC23C}.Debug|Any CPU.ActiveCfg = Debug|Any CPU
		{2FC846ED-0017-4BF3-BF76-514FAF1AC23C}.Debug|Any CPU.Build.0 = Debug|Any CPU
		{2FC846ED-0017-4BF3-BF76-514FAF1AC23C}.Release|Any CPU.ActiveCfg = Release|Any CPU
		{2FC846ED-0017-4BF3-BF76-514FAF1AC23C}.Release|Any CPU.Build.0 = Release|Any CPU
		{B567A9E0-5810-4AE6-9D43-3201E216A2B7}.Debug|Any CPU.ActiveCfg = Debug|Any CPU
		{B567A9E0-5810-4AE6-9D43-3201E216A2B7}.Debug|Any CPU.Build.0 = Debug|Any CPU
		{B567A9E0-5810-4AE6-9D43-3201E216A2B7}.Release|Any CPU.ActiveCfg = Release|Any CPU
		{B567A9E0-5810-4AE6-9D43-3201E216A2B7}.Release|Any CPU.Build.0 = Release|Any CPU
		{A4B720B5-0433-434C-A3C4-58106CC0EC26}.Debug|Any CPU.ActiveCfg = Debug|Any CPU
		{A4B720B5-0433-434C-A3C4-58106CC0EC26}.Debug|Any CPU.Build.0 = Debug|Any CPU
		{A4B720B5-0433-434C-A3C4-58106CC0EC26}.Release|Any CPU.ActiveCfg = Release|Any CPU
		{A4B720B5-0433-434C-A3C4-58106CC0EC26}.Release|Any CPU.Build.0 = Release|Any CPU
		{743212D4-422B-4886-856F-037C8E2A553B}.Debug|Any CPU.ActiveCfg = Debug|Any CPU
		{743212D4-422B-4886-856F-037C8E2A553B}.Debug|Any CPU.Build.0 = Debug|Any CPU
		{743212D4-422B-4886-856F-037C8E2A553B}.Release|Any CPU.ActiveCfg = Release|Any CPU
		{743212D4-422B-4886-856F-037C8E2A553B}.Release|Any CPU.Build.0 = Release|Any CPU
		{0CF40569-B721-4795-A008-7E7F09F4D175}.Debug|Any CPU.ActiveCfg = Debug|Any CPU
		{0CF40569-B721-4795-A008-7E7F09F4D175}.Debug|Any CPU.Build.0 = Debug|Any CPU
		{0CF40569-B721-4795-A008-7E7F09F4D175}.Release|Any CPU.ActiveCfg = Release|Any CPU
		{0CF40569-B721-4795-A008-7E7F09F4D175}.Release|Any CPU.Build.0 = Release|Any CPU
	EndGlobalSection
	GlobalSection(SolutionProperties) = preSolution
		HideSolutionNode = FALSE
	EndGlobalSection
	GlobalSection(ExtensibilityGlobals) = postSolution
		SolutionGuid = {CE0F119F-495E-466B-8A43-29A23D894BCD}
	EndGlobalSection
EndGlobal
